
Microsoft Visual Studio Solution File, Format Version 12.00
# Visual Studio Version 16
VisualStudioVersion = 16.0.31402.337
MinimumVisualStudioVersion = 10.0.40219.1
Project("{FAE04EC0-301F-11D3-BF4B-00C04F79EFBC}") = "GetTogetherApp", "GetTogetherApp\GetTogetherApp.csproj", "{14B82C7E-C41B-4356-A8F7-30699806690A}"
EndProject
Global
	GlobalSection(SolutionConfigurationPlatforms) = preSolution
		Debug|Any CPU = Debug|Any CPU
		Release|Any CPU = Release|Any CPU
	EndGlobalSection
	GlobalSection(ProjectConfigurationPlatforms) = postSolution
		{14B82C7E-C41B-4356-A8F7-30699806690A}.Debug|Any CPU.ActiveCfg = Debug|Any CPU
		{14B82C7E-C41B-4356-A8F7-30699806690A}.Debug|Any CPU.Build.0 = Debug|Any CPU
		{14B82C7E-C41B-4356-A8F7-30699806690A}.Release|Any CPU.ActiveCfg = Release|Any CPU
		{14B82C7E-C41B-4356-A8F7-30699806690A}.Release|Any CPU.Build.0 = Release|Any CPU
	EndGlobalSection
	GlobalSection(SolutionProperties) = preSolution
		HideSolutionNode = FALSE
	EndGlobalSection
	GlobalSection(ExtensibilityGlobals) = postSolution
		SolutionGuid = {42B877E7-807C-47EE-BFC0-026EF8AFD8D0}
	EndGlobalSection
EndGlobal
